// !$*UTF8*$!
{
	archiveVersion = 1;
	classes = {
	};
	objectVersion = 46;
	objects = {

/* Begin PBXBuildFile section */
		9B3BB62F1B9B45E400784F81 /* SettingsTableViewController.swift in Sources */ = {isa = PBXBuildFile; fileRef = 9B3BB62E1B9B45E400784F81 /* SettingsTableViewController.swift */; };
		9B3BB6311B9B4AF400784F81 /* UserPreferences.swift in Sources */ = {isa = PBXBuildFile; fileRef = 9B3BB6301B9B4AF400784F81 /* UserPreferences.swift */; };
		9B3BB6321B9B4AF400784F81 /* UserPreferences.swift in Sources */ = {isa = PBXBuildFile; fileRef = 9B3BB6301B9B4AF400784F81 /* UserPreferences.swift */; };
		9B680B691B5ACB2900E92874 /* TweetDownloader.swift in Sources */ = {isa = PBXBuildFile; fileRef = 9B680B681B5ACB2900E92874 /* TweetDownloader.swift */; };
		9B680B6A1B5AD26900E92874 /* TweetDownloader.swift in Sources */ = {isa = PBXBuildFile; fileRef = 9B680B681B5ACB2900E92874 /* TweetDownloader.swift */; };
		9B680B6C1B5AF04900E92874 /* TweetReadingState.swift in Sources */ = {isa = PBXBuildFile; fileRef = 9B680B6B1B5AF04900E92874 /* TweetReadingState.swift */; };
		9B8C73761C00D72D0060B40B /* CouchbaseLite.framework in Frameworks */ = {isa = PBXBuildFile; fileRef = 9B8C73741C00D72D0060B40B /* CouchbaseLite.framework */; };
		9B8C73771C00D72D0060B40B /* CouchbaseLite.framework in Frameworks */ = {isa = PBXBuildFile; fileRef = 9B8C73741C00D72D0060B40B /* CouchbaseLite.framework */; };
		9B8C73781C00D72D0060B40B /* CouchbaseLiteListener.framework in Frameworks */ = {isa = PBXBuildFile; fileRef = 9B8C73751C00D72D0060B40B /* CouchbaseLiteListener.framework */; };
		9B8C73791C00D72D0060B40B /* CouchbaseLiteListener.framework in Frameworks */ = {isa = PBXBuildFile; fileRef = 9B8C73751C00D72D0060B40B /* CouchbaseLiteListener.framework */; };
		9B8C73801C00D7840060B40B /* TweetRepository.swift in Sources */ = {isa = PBXBuildFile; fileRef = 9B8C737D1C00D7840060B40B /* TweetRepository.swift */; };
		9B8C73811C00D7840060B40B /* TweetRepository.swift in Sources */ = {isa = PBXBuildFile; fileRef = 9B8C737D1C00D7840060B40B /* TweetRepository.swift */; };
		9B8C73851C00D8AE0060B40B /* CFNetwork.framework in Frameworks */ = {isa = PBXBuildFile; fileRef = 9B8C73841C00D8AE0060B40B /* CFNetwork.framework */; };
		9B8C73861C00D8BB0060B40B /* CFNetwork.framework in Frameworks */ = {isa = PBXBuildFile; fileRef = 9B8C73841C00D8AE0060B40B /* CFNetwork.framework */; };
		9B8C73881C00D8C60060B40B /* Security.framework in Frameworks */ = {isa = PBXBuildFile; fileRef = 9B8C73871C00D8C60060B40B /* Security.framework */; };
		9B8C73891C00D8CE0060B40B /* Security.framework in Frameworks */ = {isa = PBXBuildFile; fileRef = 9B8C73871C00D8C60060B40B /* Security.framework */; };
		9B8C738B1C00D8DB0060B40B /* SystemConfiguration.framework in Frameworks */ = {isa = PBXBuildFile; fileRef = 9B8C738A1C00D8DB0060B40B /* SystemConfiguration.framework */; };
		9B8C738C1C00D8E40060B40B /* SystemConfiguration.framework in Frameworks */ = {isa = PBXBuildFile; fileRef = 9B8C738A1C00D8DB0060B40B /* SystemConfiguration.framework */; };
		9B8C738E1C00D8F90060B40B /* libsqlite3.tbd in Frameworks */ = {isa = PBXBuildFile; fileRef = 9B8C738D1C00D8F90060B40B /* libsqlite3.tbd */; };
		9B8C738F1C00D9050060B40B /* libsqlite3.tbd in Frameworks */ = {isa = PBXBuildFile; fileRef = 9B8C738D1C00D8F90060B40B /* libsqlite3.tbd */; };
		9B8C73911C00D90F0060B40B /* libz.tbd in Frameworks */ = {isa = PBXBuildFile; fileRef = 9B8C73901C00D90F0060B40B /* libz.tbd */; };
		9B8C73921C00D9160060B40B /* libz.tbd in Frameworks */ = {isa = PBXBuildFile; fileRef = 9B8C73901C00D90F0060B40B /* libz.tbd */; };
		9B8C73941C00DA200060B40B /* CoachbaseTests.swift in Sources */ = {isa = PBXBuildFile; fileRef = 9B8C73931C00DA200060B40B /* CoachbaseTests.swift */; };
		9B8C73961C00E2300060B40B /* CouchbaseRepository.swift in Sources */ = {isa = PBXBuildFile; fileRef = 9B8C73951C00E2300060B40B /* CouchbaseRepository.swift */; };
		9B8C73971C00E2300060B40B /* CouchbaseRepository.swift in Sources */ = {isa = PBXBuildFile; fileRef = 9B8C73951C00E2300060B40B /* CouchbaseRepository.swift */; };
		9B93B0071B47BAE10043ADA4 /* AppDelegate.swift in Sources */ = {isa = PBXBuildFile; fileRef = 9B93B0061B47BAE10043ADA4 /* AppDelegate.swift */; };
		9B93B00C1B47BAE10043ADA4 /* LoginViewController.swift in Sources */ = {isa = PBXBuildFile; fileRef = 9B93B00B1B47BAE10043ADA4 /* LoginViewController.swift */; };
		9B93B00F1B47BAE10043ADA4 /* Main.storyboard in Resources */ = {isa = PBXBuildFile; fileRef = 9B93B00D1B47BAE10043ADA4 /* Main.storyboard */; };
		9B93B0111B47BAE10043ADA4 /* Images.xcassets in Resources */ = {isa = PBXBuildFile; fileRef = 9B93B0101B47BAE10043ADA4 /* Images.xcassets */; };
		9B93B0141B47BAE10043ADA4 /* LaunchScreen.xib in Resources */ = {isa = PBXBuildFile; fileRef = 9B93B0121B47BAE10043ADA4 /* LaunchScreen.xib */; };
		9B93B0201B47BAE10043ADA4 /* TweetDownloaderTests.swift in Sources */ = {isa = PBXBuildFile; fileRef = 9B93B01F1B47BAE10043ADA4 /* TweetDownloaderTests.swift */; };
		9B93B02E1B47BBBC0043ADA4 /* Fabric.framework in Frameworks */ = {isa = PBXBuildFile; fileRef = 9B93B02A1B47BBBC0043ADA4 /* Fabric.framework */; };
		9B93B02F1B47BBBC0043ADA4 /* TwitterKit.framework in Frameworks */ = {isa = PBXBuildFile; fileRef = 9B93B02B1B47BBBC0043ADA4 /* TwitterKit.framework */; };
		9B93B0301B47BBBC0043ADA4 /* TwitterKitResources.bundle in Resources */ = {isa = PBXBuildFile; fileRef = 9B93B02C1B47BBBC0043ADA4 /* TwitterKitResources.bundle */; };
		9B93B0311B47BBBC0043ADA4 /* TwitterCore.framework in Frameworks */ = {isa = PBXBuildFile; fileRef = 9B93B02D1B47BBBC0043ADA4 /* TwitterCore.framework */; };
		9B93B0381B47CBE10043ADA4 /* TweetsTableViewController.swift in Sources */ = {isa = PBXBuildFile; fileRef = 9B93B0361B47CBE10043ADA4 /* TweetsTableViewController.swift */; };
		9B93B03A1B47DD5C0043ADA4 /* TwitterCore.framework in Frameworks */ = {isa = PBXBuildFile; fileRef = 9B93B02D1B47BBBC0043ADA4 /* TwitterCore.framework */; };
		9B93B03B1B47DD5C0043ADA4 /* TwitterKit.framework in Frameworks */ = {isa = PBXBuildFile; fileRef = 9B93B02B1B47BBBC0043ADA4 /* TwitterKit.framework */; };
		9B93B03C1B47DD5C0043ADA4 /* Fabric.framework in Frameworks */ = {isa = PBXBuildFile; fileRef = 9B93B02A1B47BBBC0043ADA4 /* Fabric.framework */; };
		9BDF96091B9AE00100D7EE22 /* RankedTweet.swift in Sources */ = {isa = PBXBuildFile; fileRef = 9BDF96081B9AE00100D7EE22 /* RankedTweet.swift */; };
		9BDF960A1B9AE00100D7EE22 /* RankedTweet.swift in Sources */ = {isa = PBXBuildFile; fileRef = 9BDF96081B9AE00100D7EE22 /* RankedTweet.swift */; };
		9BF0D4CB1B80A582005F2F92 /* TweetCache.swift in Sources */ = {isa = PBXBuildFile; fileRef = 9BF0D4CA1B80A582005F2F92 /* TweetCache.swift */; };
		9BF0D4CC1B80A582005F2F92 /* TweetCache.swift in Sources */ = {isa = PBXBuildFile; fileRef = 9BF0D4CA1B80A582005F2F92 /* TweetCache.swift */; };
		9BF0D4CE1B80AAB2005F2F92 /* TwitterDeepLink.swift in Sources */ = {isa = PBXBuildFile; fileRef = 9BF0D4CD1B80AAB2005F2F92 /* TwitterDeepLink.swift */; };
		9BF0D4CF1B80AAB2005F2F92 /* TwitterDeepLink.swift in Sources */ = {isa = PBXBuildFile; fileRef = 9BF0D4CD1B80AAB2005F2F92 /* TwitterDeepLink.swift */; };
		9BF0D4D11B80B574005F2F92 /* TweetMediator.swift in Sources */ = {isa = PBXBuildFile; fileRef = 9BF0D4D01B80B574005F2F92 /* TweetMediator.swift */; };
		9BF0D4D21B80B60A005F2F92 /* TweetMediator.swift in Sources */ = {isa = PBXBuildFile; fileRef = 9BF0D4D01B80B574005F2F92 /* TweetMediator.swift */; };
		9BF0D4D41B80F020005F2F92 /* AutoScroller.swift in Sources */ = {isa = PBXBuildFile; fileRef = 9BF0D4D31B80F020005F2F92 /* AutoScroller.swift */; };
		9BF0D4D51B80F020005F2F92 /* AutoScroller.swift in Sources */ = {isa = PBXBuildFile; fileRef = 9BF0D4D31B80F020005F2F92 /* AutoScroller.swift */; };
		9BF0D4D71B83B3B0005F2F92 /* RankedTweetTests.swift in Sources */ = {isa = PBXBuildFile; fileRef = 9BF0D4D61B83B3B0005F2F92 /* RankedTweetTests.swift */; };
		9BF62BD41B809D140058293B /* MediatorTests.swift in Sources */ = {isa = PBXBuildFile; fileRef = 9BF62BD31B809D140058293B /* MediatorTests.swift */; };
		9BF62BD81B80A1550058293B /* TweetReadingState.swift in Sources */ = {isa = PBXBuildFile; fileRef = 9B680B6B1B5AF04900E92874 /* TweetReadingState.swift */; };
		9BF62BD91B80A1590058293B /* ArrayExtention.swift in Sources */ = {isa = PBXBuildFile; fileRef = 9BF904E81B5C21E700B09D5A /* ArrayExtention.swift */; };
		9BF62BDA1B80A15C0058293B /* NSOutputStreamExtention.swift in Sources */ = {isa = PBXBuildFile; fileRef = 9BF904E61B5C205B00B09D5A /* NSOutputStreamExtention.swift */; };
		9BF62BDB1B80A15F0058293B /* TweetsTableViewController.swift in Sources */ = {isa = PBXBuildFile; fileRef = 9B93B0361B47CBE10043ADA4 /* TweetsTableViewController.swift */; };
		9BF62BDC1B80A1770058293B /* TweetTableViewCell.swift in Sources */ = {isa = PBXBuildFile; fileRef = 9BF904E31B5C1C5800B09D5A /* TweetTableViewCell.swift */; };
		9BF904E41B5C1C5800B09D5A /* TweetTableViewCell.swift in Sources */ = {isa = PBXBuildFile; fileRef = 9BF904E31B5C1C5800B09D5A /* TweetTableViewCell.swift */; };
		9BF904E71B5C205B00B09D5A /* NSOutputStreamExtention.swift in Sources */ = {isa = PBXBuildFile; fileRef = 9BF904E61B5C205B00B09D5A /* NSOutputStreamExtention.swift */; };
		9BF904E91B5C21E700B09D5A /* ArrayExtention.swift in Sources */ = {isa = PBXBuildFile; fileRef = 9BF904E81B5C21E700B09D5A /* ArrayExtention.swift */; };
/* End PBXBuildFile section */

/* Begin PBXContainerItemProxy section */
		9B93B01A1B47BAE10043ADA4 /* PBXContainerItemProxy */ = {
			isa = PBXContainerItemProxy;
			containerPortal = 9B93AFF91B47BAE10043ADA4 /* Project object */;
			proxyType = 1;
			remoteGlobalIDString = 9B93B0001B47BAE10043ADA4;
			remoteInfo = FastTwitterTestingApp;
		};
/* End PBXContainerItemProxy section */

/* Begin PBXFileReference section */
		9B3BB62E1B9B45E400784F81 /* SettingsTableViewController.swift */ = {isa = PBXFileReference; fileEncoding = 4; lastKnownFileType = sourcecode.swift; path = SettingsTableViewController.swift; sourceTree = "<group>"; };
		9B3BB6301B9B4AF400784F81 /* UserPreferences.swift */ = {isa = PBXFileReference; fileEncoding = 4; lastKnownFileType = sourcecode.swift; path = UserPreferences.swift; sourceTree = "<group>"; };
		9B680B681B5ACB2900E92874 /* TweetDownloader.swift */ = {isa = PBXFileReference; fileEncoding = 4; lastKnownFileType = sourcecode.swift; path = TweetDownloader.swift; sourceTree = "<group>"; };
		9B680B6B1B5AF04900E92874 /* TweetReadingState.swift */ = {isa = PBXFileReference; fileEncoding = 4; lastKnownFileType = sourcecode.swift; path = TweetReadingState.swift; sourceTree = "<group>"; };
		9B8C73741C00D72D0060B40B /* CouchbaseLite.framework */ = {isa = PBXFileReference; lastKnownFileType = wrapper.framework; path = CouchbaseLite.framework; sourceTree = "<group>"; };
		9B8C73751C00D72D0060B40B /* CouchbaseLiteListener.framework */ = {isa = PBXFileReference; lastKnownFileType = wrapper.framework; path = CouchbaseLiteListener.framework; sourceTree = "<group>"; };
		9B8C737A1C00D7830060B40B /* SpeedTweetRead-Bridging-Header.h */ = {isa = PBXFileReference; lastKnownFileType = sourcecode.c.h; path = "SpeedTweetRead-Bridging-Header.h"; sourceTree = "<group>"; };
		9B8C737B1C00D7830060B40B /* SpeedTweetReadTests-Bridging-Header.h */ = {isa = PBXFileReference; lastKnownFileType = sourcecode.c.h; path = "SpeedTweetReadTests-Bridging-Header.h"; sourceTree = "<group>"; };
		9B8C737D1C00D7840060B40B /* TweetRepository.swift */ = {isa = PBXFileReference; fileEncoding = 4; lastKnownFileType = sourcecode.swift; path = TweetRepository.swift; sourceTree = "<group>"; };
		9B8C73841C00D8AE0060B40B /* CFNetwork.framework */ = {isa = PBXFileReference; lastKnownFileType = wrapper.framework; name = CFNetwork.framework; path = System/Library/Frameworks/CFNetwork.framework; sourceTree = SDKROOT; };
		9B8C73871C00D8C60060B40B /* Security.framework */ = {isa = PBXFileReference; lastKnownFileType = wrapper.framework; name = Security.framework; path = System/Library/Frameworks/Security.framework; sourceTree = SDKROOT; };
		9B8C738A1C00D8DB0060B40B /* SystemConfiguration.framework */ = {isa = PBXFileReference; lastKnownFileType = wrapper.framework; name = SystemConfiguration.framework; path = System/Library/Frameworks/SystemConfiguration.framework; sourceTree = SDKROOT; };
		9B8C738D1C00D8F90060B40B /* libsqlite3.tbd */ = {isa = PBXFileReference; lastKnownFileType = "sourcecode.text-based-dylib-definition"; name = libsqlite3.tbd; path = usr/lib/libsqlite3.tbd; sourceTree = SDKROOT; };
		9B8C73901C00D90F0060B40B /* libz.tbd */ = {isa = PBXFileReference; lastKnownFileType = "sourcecode.text-based-dylib-definition"; name = libz.tbd; path = usr/lib/libz.tbd; sourceTree = SDKROOT; };
		9B8C73931C00DA200060B40B /* CoachbaseTests.swift */ = {isa = PBXFileReference; fileEncoding = 4; lastKnownFileType = sourcecode.swift; path = CoachbaseTests.swift; sourceTree = "<group>"; };
		9B8C73951C00E2300060B40B /* CouchbaseRepository.swift */ = {isa = PBXFileReference; fileEncoding = 4; lastKnownFileType = sourcecode.swift; path = CouchbaseRepository.swift; sourceTree = "<group>"; };
		9B93B0011B47BAE10043ADA4 /* SpeedTweetRead.app */ = {isa = PBXFileReference; explicitFileType = wrapper.application; includeInIndex = 0; path = SpeedTweetRead.app; sourceTree = BUILT_PRODUCTS_DIR; };
		9B93B0051B47BAE10043ADA4 /* Info.plist */ = {isa = PBXFileReference; lastKnownFileType = text.plist.xml; path = Info.plist; sourceTree = "<group>"; };
		9B93B0061B47BAE10043ADA4 /* AppDelegate.swift */ = {isa = PBXFileReference; lastKnownFileType = sourcecode.swift; path = AppDelegate.swift; sourceTree = "<group>"; };
		9B93B00B1B47BAE10043ADA4 /* LoginViewController.swift */ = {isa = PBXFileReference; lastKnownFileType = sourcecode.swift; path = LoginViewController.swift; sourceTree = "<group>"; };
		9B93B00E1B47BAE10043ADA4 /* Base */ = {isa = PBXFileReference; lastKnownFileType = file.storyboard; name = Base; path = Base.lproj/Main.storyboard; sourceTree = "<group>"; };
		9B93B0101B47BAE10043ADA4 /* Images.xcassets */ = {isa = PBXFileReference; lastKnownFileType = folder.assetcatalog; path = Images.xcassets; sourceTree = "<group>"; };
		9B93B0131B47BAE10043ADA4 /* Base */ = {isa = PBXFileReference; lastKnownFileType = file.xib; name = Base; path = Base.lproj/LaunchScreen.xib; sourceTree = "<group>"; };
		9B93B0191B47BAE10043ADA4 /* SpeedTweetReadTests.xctest */ = {isa = PBXFileReference; explicitFileType = wrapper.cfbundle; includeInIndex = 0; path = SpeedTweetReadTests.xctest; sourceTree = BUILT_PRODUCTS_DIR; };
		9B93B01E1B47BAE10043ADA4 /* Info.plist */ = {isa = PBXFileReference; lastKnownFileType = text.plist.xml; path = Info.plist; sourceTree = "<group>"; };
		9B93B01F1B47BAE10043ADA4 /* TweetDownloaderTests.swift */ = {isa = PBXFileReference; lastKnownFileType = sourcecode.swift; path = TweetDownloaderTests.swift; sourceTree = "<group>"; };
		9B93B02A1B47BBBC0043ADA4 /* Fabric.framework */ = {isa = PBXFileReference; lastKnownFileType = wrapper.framework; path = Fabric.framework; sourceTree = "<group>"; };
		9B93B02B1B47BBBC0043ADA4 /* TwitterKit.framework */ = {isa = PBXFileReference; lastKnownFileType = wrapper.framework; path = TwitterKit.framework; sourceTree = "<group>"; };
		9B93B02C1B47BBBC0043ADA4 /* TwitterKitResources.bundle */ = {isa = PBXFileReference; lastKnownFileType = "wrapper.plug-in"; path = TwitterKitResources.bundle; sourceTree = "<group>"; };
		9B93B02D1B47BBBC0043ADA4 /* TwitterCore.framework */ = {isa = PBXFileReference; lastKnownFileType = wrapper.framework; path = TwitterCore.framework; sourceTree = "<group>"; };
		9B93B0361B47CBE10043ADA4 /* TweetsTableViewController.swift */ = {isa = PBXFileReference; fileEncoding = 4; lastKnownFileType = sourcecode.swift; path = TweetsTableViewController.swift; sourceTree = "<group>"; };
		9BDF96081B9AE00100D7EE22 /* RankedTweet.swift */ = {isa = PBXFileReference; fileEncoding = 4; lastKnownFileType = sourcecode.swift; path = RankedTweet.swift; sourceTree = "<group>"; };
		9BF0D4CA1B80A582005F2F92 /* TweetCache.swift */ = {isa = PBXFileReference; fileEncoding = 4; lastKnownFileType = sourcecode.swift; path = TweetCache.swift; sourceTree = "<group>"; };
		9BF0D4CD1B80AAB2005F2F92 /* TwitterDeepLink.swift */ = {isa = PBXFileReference; fileEncoding = 4; lastKnownFileType = sourcecode.swift; path = TwitterDeepLink.swift; sourceTree = "<group>"; };
		9BF0D4D01B80B574005F2F92 /* TweetMediator.swift */ = {isa = PBXFileReference; fileEncoding = 4; lastKnownFileType = sourcecode.swift; path = TweetMediator.swift; sourceTree = "<group>"; };
		9BF0D4D31B80F020005F2F92 /* AutoScroller.swift */ = {isa = PBXFileReference; fileEncoding = 4; lastKnownFileType = sourcecode.swift; path = AutoScroller.swift; sourceTree = "<group>"; };
		9BF0D4D61B83B3B0005F2F92 /* RankedTweetTests.swift */ = {isa = PBXFileReference; fileEncoding = 4; lastKnownFileType = sourcecode.swift; path = RankedTweetTests.swift; sourceTree = "<group>"; };
		9BF62BD31B809D140058293B /* MediatorTests.swift */ = {isa = PBXFileReference; fileEncoding = 4; lastKnownFileType = sourcecode.swift; path = MediatorTests.swift; sourceTree = "<group>"; };
		9BF904E31B5C1C5800B09D5A /* TweetTableViewCell.swift */ = {isa = PBXFileReference; fileEncoding = 4; lastKnownFileType = sourcecode.swift; path = TweetTableViewCell.swift; sourceTree = "<group>"; };
		9BF904E61B5C205B00B09D5A /* NSOutputStreamExtention.swift */ = {isa = PBXFileReference; fileEncoding = 4; lastKnownFileType = sourcecode.swift; path = NSOutputStreamExtention.swift; sourceTree = "<group>"; };
		9BF904E81B5C21E700B09D5A /* ArrayExtention.swift */ = {isa = PBXFileReference; fileEncoding = 4; lastKnownFileType = sourcecode.swift; path = ArrayExtention.swift; sourceTree = "<group>"; };
/* End PBXFileReference section */

/* Begin PBXFrameworksBuildPhase section */
		9B93AFFE1B47BAE10043ADA4 /* Frameworks */ = {
			isa = PBXFrameworksBuildPhase;
			buildActionMask = 2147483647;
			files = (
				9B8C73911C00D90F0060B40B /* libz.tbd in Frameworks */,
				9B8C738F1C00D9050060B40B /* libsqlite3.tbd in Frameworks */,
				9B8C738B1C00D8DB0060B40B /* SystemConfiguration.framework in Frameworks */,
				9B8C73891C00D8CE0060B40B /* Security.framework in Frameworks */,
				9B8C73851C00D8AE0060B40B /* CFNetwork.framework in Frameworks */,
				9B93B02E1B47BBBC0043ADA4 /* Fabric.framework in Frameworks */,
				9B8C73781C00D72D0060B40B /* CouchbaseLiteListener.framework in Frameworks */,
				9B93B0311B47BBBC0043ADA4 /* TwitterCore.framework in Frameworks */,
				9B8C73761C00D72D0060B40B /* CouchbaseLite.framework in Frameworks */,
				9B93B02F1B47BBBC0043ADA4 /* TwitterKit.framework in Frameworks */,
			);
			runOnlyForDeploymentPostprocessing = 0;
		};
		9B93B0161B47BAE10043ADA4 /* Frameworks */ = {
			isa = PBXFrameworksBuildPhase;
			buildActionMask = 2147483647;
			files = (
				9B8C73921C00D9160060B40B /* libz.tbd in Frameworks */,
				9B8C738E1C00D8F90060B40B /* libsqlite3.tbd in Frameworks */,
				9B8C738C1C00D8E40060B40B /* SystemConfiguration.framework in Frameworks */,
				9B8C73881C00D8C60060B40B /* Security.framework in Frameworks */,
				9B8C73861C00D8BB0060B40B /* CFNetwork.framework in Frameworks */,
				9B93B03A1B47DD5C0043ADA4 /* TwitterCore.framework in Frameworks */,
				9B8C73791C00D72D0060B40B /* CouchbaseLiteListener.framework in Frameworks */,
				9B93B03B1B47DD5C0043ADA4 /* TwitterKit.framework in Frameworks */,
				9B8C73771C00D72D0060B40B /* CouchbaseLite.framework in Frameworks */,
				9B93B03C1B47DD5C0043ADA4 /* Fabric.framework in Frameworks */,
			);
			runOnlyForDeploymentPostprocessing = 0;
		};
/* End PBXFrameworksBuildPhase section */

/* Begin PBXGroup section */
		9B680B631B5AC8CD00E92874 /* Frameworks */ = {
			isa = PBXGroup;
			children = (
				9B8C73741C00D72D0060B40B /* CouchbaseLite.framework */,
				9B8C73751C00D72D0060B40B /* CouchbaseLiteListener.framework */,
				9B93B02A1B47BBBC0043ADA4 /* Fabric.framework */,
				9B93B02B1B47BBBC0043ADA4 /* TwitterKit.framework */,
				9B93B02C1B47BBBC0043ADA4 /* TwitterKitResources.bundle */,
				9B93B02D1B47BBBC0043ADA4 /* TwitterCore.framework */,
			);
			name = Frameworks;
			sourceTree = "<group>";
		};
		9B680B641B5AC91300E92874 /* ViewController */ = {
			isa = PBXGroup;
			children = (
				9B93B0361B47CBE10043ADA4 /* TweetsTableViewController.swift */,
				9B93B00B1B47BAE10043ADA4 /* LoginViewController.swift */,
				9B3BB62E1B9B45E400784F81 /* SettingsTableViewController.swift */,
				9BF0D4D31B80F020005F2F92 /* AutoScroller.swift */,
				9BF0D4CD1B80AAB2005F2F92 /* TwitterDeepLink.swift */,
			);
			name = ViewController;
			sourceTree = "<group>";
		};
		9B680B651B5AC91F00E92874 /* View */ = {
			isa = PBXGroup;
			children = (
				9B93B0121B47BAE10043ADA4 /* LaunchScreen.xib */,
				9BF904E31B5C1C5800B09D5A /* TweetTableViewCell.swift */,
			);
			name = View;
			sourceTree = "<group>";
		};
		9B680B661B5AC96900E92874 /* Logic */ = {
			isa = PBXGroup;
			children = (
				9B8C73951C00E2300060B40B /* CouchbaseRepository.swift */,
				9B8C737D1C00D7840060B40B /* TweetRepository.swift */,
				9BF0D4CA1B80A582005F2F92 /* TweetCache.swift */,
				9BDF96081B9AE00100D7EE22 /* RankedTweet.swift */,
				9BF0D4D01B80B574005F2F92 /* TweetMediator.swift */,
				9B680B681B5ACB2900E92874 /* TweetDownloader.swift */,
				9B680B6B1B5AF04900E92874 /* TweetReadingState.swift */,
				9B3BB6301B9B4AF400784F81 /* UserPreferences.swift */,
			);
			name = Logic;
			sourceTree = "<group>";
		};
		9B93AFF81B47BAE10043ADA4 = {
			isa = PBXGroup;
			children = (
				9B8C73901C00D90F0060B40B /* libz.tbd */,
				9B8C738D1C00D8F90060B40B /* libsqlite3.tbd */,
				9B8C738A1C00D8DB0060B40B /* SystemConfiguration.framework */,
				9B8C73871C00D8C60060B40B /* Security.framework */,
				9B8C73841C00D8AE0060B40B /* CFNetwork.framework */,
				9B93B0031B47BAE10043ADA4 /* FastTwitterTestingApp */,
				9B93B01C1B47BAE10043ADA4 /* FastTwitterTestingAppTests */,
				9B93B0021B47BAE10043ADA4 /* Products */,
			);
			sourceTree = "<group>";
		};
		9B93B0021B47BAE10043ADA4 /* Products */ = {
			isa = PBXGroup;
			children = (
				9B93B0011B47BAE10043ADA4 /* SpeedTweetRead.app */,
				9B93B0191B47BAE10043ADA4 /* SpeedTweetReadTests.xctest */,
			);
			name = Products;
			sourceTree = "<group>";
		};
		9B93B0031B47BAE10043ADA4 /* FastTwitterTestingApp */ = {
			isa = PBXGroup;
			children = (
				9B680B661B5AC96900E92874 /* Logic */,
				9B680B641B5AC91300E92874 /* ViewController */,
				9B680B651B5AC91F00E92874 /* View */,
				9BF904E51B5C203F00B09D5A /* Utils */,
				9B93B0041B47BAE10043ADA4 /* Supporting Files */,
				9B680B631B5AC8CD00E92874 /* Frameworks */,
				9B93B0061B47BAE10043ADA4 /* AppDelegate.swift */,
				9B93B00D1B47BAE10043ADA4 /* Main.storyboard */,
				9B93B0101B47BAE10043ADA4 /* Images.xcassets */,
			);
			path = FastTwitterTestingApp;
			sourceTree = "<group>";
		};
		9B93B0041B47BAE10043ADA4 /* Supporting Files */ = {
			isa = PBXGroup;
			children = (
				9B8C737A1C00D7830060B40B /* SpeedTweetRead-Bridging-Header.h */,
				9B8C737B1C00D7830060B40B /* SpeedTweetReadTests-Bridging-Header.h */,
				9B93B0051B47BAE10043ADA4 /* Info.plist */,
			);
			name = "Supporting Files";
			sourceTree = "<group>";
		};
		9B93B01C1B47BAE10043ADA4 /* FastTwitterTestingAppTests */ = {
			isa = PBXGroup;
			children = (
				9BF0D4D61B83B3B0005F2F92 /* RankedTweetTests.swift */,
				9B93B01F1B47BAE10043ADA4 /* TweetDownloaderTests.swift */,
				9BF62BD31B809D140058293B /* MediatorTests.swift */,
				9B93B01D1B47BAE10043ADA4 /* Supporting Files */,
				9B8C73931C00DA200060B40B /* CoachbaseTests.swift */,
			);
			path = FastTwitterTestingAppTests;
			sourceTree = "<group>";
		};
		9B93B01D1B47BAE10043ADA4 /* Supporting Files */ = {
			isa = PBXGroup;
			children = (
				9B93B01E1B47BAE10043ADA4 /* Info.plist */,
			);
			name = "Supporting Files";
			sourceTree = "<group>";
		};
		9BF904E51B5C203F00B09D5A /* Utils */ = {
			isa = PBXGroup;
			children = (
				9BF904E61B5C205B00B09D5A /* NSOutputStreamExtention.swift */,
				9BF904E81B5C21E700B09D5A /* ArrayExtention.swift */,
			);
			name = Utils;
			sourceTree = "<group>";
		};
/* End PBXGroup section */

/* Begin PBXNativeTarget section */
		9B93B0001B47BAE10043ADA4 /* SpeedTweetRead */ = {
			isa = PBXNativeTarget;
			buildConfigurationList = 9B93B0231B47BAE10043ADA4 /* Build configuration list for PBXNativeTarget "SpeedTweetRead" */;
			buildPhases = (
				9B93AFFD1B47BAE10043ADA4 /* Sources */,
				9B93AFFE1B47BAE10043ADA4 /* Frameworks */,
				9B93AFFF1B47BAE10043ADA4 /* Resources */,
				9B93B0291B47BB7F0043ADA4 /* ShellScript */,
			);
			buildRules = (
			);
			dependencies = (
			);
			name = SpeedTweetRead;
			productName = FastTwitterTestingApp;
			productReference = 9B93B0011B47BAE10043ADA4 /* SpeedTweetRead.app */;
			productType = "com.apple.product-type.application";
		};
		9B93B0181B47BAE10043ADA4 /* SpeedTweetReadTests */ = {
			isa = PBXNativeTarget;
			buildConfigurationList = 9B93B0261B47BAE10043ADA4 /* Build configuration list for PBXNativeTarget "SpeedTweetReadTests" */;
			buildPhases = (
				9B93B0151B47BAE10043ADA4 /* Sources */,
				9B93B0161B47BAE10043ADA4 /* Frameworks */,
				9B93B0171B47BAE10043ADA4 /* Resources */,
			);
			buildRules = (
			);
			dependencies = (
				9B93B01B1B47BAE10043ADA4 /* PBXTargetDependency */,
			);
			name = SpeedTweetReadTests;
			productName = FastTwitterTestingAppTests;
			productReference = 9B93B0191B47BAE10043ADA4 /* SpeedTweetReadTests.xctest */;
			productType = "com.apple.product-type.bundle.unit-test";
		};
/* End PBXNativeTarget section */

/* Begin PBXProject section */
		9B93AFF91B47BAE10043ADA4 /* Project object */ = {
			isa = PBXProject;
			attributes = {
				LastSwiftMigration = 0700;
				LastSwiftUpdateCheck = 0720;
				LastUpgradeCheck = 0700;
				ORGANIZATIONNAME = nReality;
				TargetAttributes = {
					9B93B0001B47BAE10043ADA4 = {
						CreatedOnToolsVersion = 6.3.2;
						DevelopmentTeam = 8MDZR45CDF;
					};
					9B93B0181B47BAE10043ADA4 = {
						CreatedOnToolsVersion = 6.3.2;
						TestTargetID = 9B93B0001B47BAE10043ADA4;
					};
				};
			};
			buildConfigurationList = 9B93AFFC1B47BAE10043ADA4 /* Build configuration list for PBXProject "SpeedTweetRead" */;
			compatibilityVersion = "Xcode 3.2";
			developmentRegion = English;
			hasScannedForEncodings = 0;
			knownRegions = (
				en,
				Base,
			);
			mainGroup = 9B93AFF81B47BAE10043ADA4;
			productRefGroup = 9B93B0021B47BAE10043ADA4 /* Products */;
			projectDirPath = "";
			projectRoot = "";
			targets = (
				9B93B0001B47BAE10043ADA4 /* SpeedTweetRead */,
				9B93B0181B47BAE10043ADA4 /* SpeedTweetReadTests */,
			);
		};
/* End PBXProject section */

/* Begin PBXResourcesBuildPhase section */
		9B93AFFF1B47BAE10043ADA4 /* Resources */ = {
			isa = PBXResourcesBuildPhase;
			buildActionMask = 2147483647;
			files = (
				9B93B0301B47BBBC0043ADA4 /* TwitterKitResources.bundle in Resources */,
				9B93B00F1B47BAE10043ADA4 /* Main.storyboard in Resources */,
				9B93B0141B47BAE10043ADA4 /* LaunchScreen.xib in Resources */,
				9B93B0111B47BAE10043ADA4 /* Images.xcassets in Resources */,
			);
			runOnlyForDeploymentPostprocessing = 0;
		};
		9B93B0171B47BAE10043ADA4 /* Resources */ = {
			isa = PBXResourcesBuildPhase;
			buildActionMask = 2147483647;
			files = (
			);
			runOnlyForDeploymentPostprocessing = 0;
		};
/* End PBXResourcesBuildPhase section */

/* Begin PBXShellScriptBuildPhase section */
		9B93B0291B47BB7F0043ADA4 /* ShellScript */ = {
			isa = PBXShellScriptBuildPhase;
			buildActionMask = 2147483647;
			files = (
			);
			inputPaths = (
			);
			outputPaths = (
			);
			runOnlyForDeploymentPostprocessing = 0;
			shellPath = /bin/sh;
			shellScript = "./Fabric.framework/run e73d97cec21122d8ab154b7ab57c4e73f22c784b 8048d1cca35fa23f5fcf28f3ef7a8be90257a22e385a66668870ec7deea681c9";
		};
/* End PBXShellScriptBuildPhase section */

/* Begin PBXSourcesBuildPhase section */
		9B93AFFD1B47BAE10043ADA4 /* Sources */ = {
			isa = PBXSourcesBuildPhase;
			buildActionMask = 2147483647;
			files = (
				9BF0D4D11B80B574005F2F92 /* TweetMediator.swift in Sources */,
				9BF904E71B5C205B00B09D5A /* NSOutputStreamExtention.swift in Sources */,
				9BF0D4CB1B80A582005F2F92 /* TweetCache.swift in Sources */,
				9BDF96091B9AE00100D7EE22 /* RankedTweet.swift in Sources */,
				9B3BB62F1B9B45E400784F81 /* SettingsTableViewController.swift in Sources */,
				9B680B6C1B5AF04900E92874 /* TweetReadingState.swift in Sources */,
				9BF0D4D41B80F020005F2F92 /* AutoScroller.swift in Sources */,
				9B93B0381B47CBE10043ADA4 /* TweetsTableViewController.swift in Sources */,
				9BF0D4CE1B80AAB2005F2F92 /* TwitterDeepLink.swift in Sources */,
				9B8C73801C00D7840060B40B /* TweetRepository.swift in Sources */,
				9B8C73961C00E2300060B40B /* CouchbaseRepository.swift in Sources */,
				9B680B691B5ACB2900E92874 /* TweetDownloader.swift in Sources */,
				9B3BB6311B9B4AF400784F81 /* UserPreferences.swift in Sources */,
				9B93B00C1B47BAE10043ADA4 /* LoginViewController.swift in Sources */,
				9B93B0071B47BAE10043ADA4 /* AppDelegate.swift in Sources */,
				9BF904E91B5C21E700B09D5A /* ArrayExtention.swift in Sources */,
				9BF904E41B5C1C5800B09D5A /* TweetTableViewCell.swift in Sources */,
			);
			runOnlyForDeploymentPostprocessing = 0;
		};
		9B93B0151B47BAE10043ADA4 /* Sources */ = {
			isa = PBXSourcesBuildPhase;
			buildActionMask = 2147483647;
			files = (
				9BF0D4D21B80B60A005F2F92 /* TweetMediator.swift in Sources */,
				9BF62BD91B80A1590058293B /* ArrayExtention.swift in Sources */,
				9B680B6A1B5AD26900E92874 /* TweetDownloader.swift in Sources */,
				9BF62BDC1B80A1770058293B /* TweetTableViewCell.swift in Sources */,
				9BF0D4D51B80F020005F2F92 /* AutoScroller.swift in Sources */,
				9B93B0201B47BAE10043ADA4 /* TweetDownloaderTests.swift in Sources */,
				9BDF960A1B9AE00100D7EE22 /* RankedTweet.swift in Sources */,
				9BF0D4CF1B80AAB2005F2F92 /* TwitterDeepLink.swift in Sources */,
				9BF62BDA1B80A15C0058293B /* NSOutputStreamExtention.swift in Sources */,
				9B8C73811C00D7840060B40B /* TweetRepository.swift in Sources */,
				9B8C73941C00DA200060B40B /* CoachbaseTests.swift in Sources */,
				9BF62BD81B80A1550058293B /* TweetReadingState.swift in Sources */,
				9B3BB6321B9B4AF400784F81 /* UserPreferences.swift in Sources */,
				9BF62BDB1B80A15F0058293B /* TweetsTableViewController.swift in Sources */,
				9BF0D4D71B83B3B0005F2F92 /* RankedTweetTests.swift in Sources */,
				9BF62BD41B809D140058293B /* MediatorTests.swift in Sources */,
				9B8C73971C00E2300060B40B /* CouchbaseRepository.swift in Sources */,
				9BF0D4CC1B80A582005F2F92 /* TweetCache.swift in Sources */,
			);
			runOnlyForDeploymentPostprocessing = 0;
		};
/* End PBXSourcesBuildPhase section */

/* Begin PBXTargetDependency section */
		9B93B01B1B47BAE10043ADA4 /* PBXTargetDependency */ = {
			isa = PBXTargetDependency;
			target = 9B93B0001B47BAE10043ADA4 /* SpeedTweetRead */;
			targetProxy = 9B93B01A1B47BAE10043ADA4 /* PBXContainerItemProxy */;
		};
/* End PBXTargetDependency section */

/* Begin PBXVariantGroup section */
		9B93B00D1B47BAE10043ADA4 /* Main.storyboard */ = {
			isa = PBXVariantGroup;
			children = (
				9B93B00E1B47BAE10043ADA4 /* Base */,
			);
			name = Main.storyboard;
			sourceTree = "<group>";
		};
		9B93B0121B47BAE10043ADA4 /* LaunchScreen.xib */ = {
			isa = PBXVariantGroup;
			children = (
				9B93B0131B47BAE10043ADA4 /* Base */,
			);
			name = LaunchScreen.xib;
			sourceTree = "<group>";
		};
/* End PBXVariantGroup section */

/* Begin XCBuildConfiguration section */
		9B93B0211B47BAE10043ADA4 /* Debug */ = {
			isa = XCBuildConfiguration;
			buildSettings = {
				ALWAYS_SEARCH_USER_PATHS = NO;
				CLANG_CXX_LANGUAGE_STANDARD = "gnu++0x";
				CLANG_CXX_LIBRARY = "libc++";
				CLANG_ENABLE_MODULES = YES;
				CLANG_ENABLE_OBJC_ARC = YES;
				CLANG_WARN_BOOL_CONVERSION = YES;
				CLANG_WARN_CONSTANT_CONVERSION = YES;
				CLANG_WARN_DIRECT_OBJC_ISA_USAGE = YES_ERROR;
				CLANG_WARN_EMPTY_BODY = YES;
				CLANG_WARN_ENUM_CONVERSION = YES;
				CLANG_WARN_INT_CONVERSION = YES;
				CLANG_WARN_OBJC_ROOT_CLASS = YES_ERROR;
				CLANG_WARN_UNREACHABLE_CODE = YES;
				CLANG_WARN__DUPLICATE_METHOD_MATCH = YES;
				"CODE_SIGN_IDENTITY[sdk=iphoneos*]" = "iPhone Developer";
				COPY_PHASE_STRIP = NO;
				DEBUG_INFORMATION_FORMAT = "dwarf-with-dsym";
				ENABLE_STRICT_OBJC_MSGSEND = YES;
				ENABLE_TESTABILITY = YES;
				GCC_C_LANGUAGE_STANDARD = gnu99;
				GCC_DYNAMIC_NO_PIC = NO;
				GCC_NO_COMMON_BLOCKS = YES;
				GCC_OPTIMIZATION_LEVEL = 0;
				GCC_PREPROCESSOR_DEFINITIONS = (
					"DEBUG=1",
					"$(inherited)",
				);
				GCC_SYMBOLS_PRIVATE_EXTERN = NO;
				GCC_WARN_64_TO_32_BIT_CONVERSION = YES;
				GCC_WARN_ABOUT_RETURN_TYPE = YES_ERROR;
				GCC_WARN_UNDECLARED_SELECTOR = YES;
				GCC_WARN_UNINITIALIZED_AUTOS = YES_AGGRESSIVE;
				GCC_WARN_UNUSED_FUNCTION = YES;
				GCC_WARN_UNUSED_VARIABLE = YES;
				IPHONEOS_DEPLOYMENT_TARGET = 8.3;
				MTL_ENABLE_DEBUG_INFO = YES;
				ONLY_ACTIVE_ARCH = YES;
				SDKROOT = iphoneos;
				SWIFT_OPTIMIZATION_LEVEL = "-Onone";
			};
			name = Debug;
		};
		9B93B0221B47BAE10043ADA4 /* Release */ = {
			isa = XCBuildConfiguration;
			buildSettings = {
				ALWAYS_SEARCH_USER_PATHS = NO;
				CLANG_CXX_LANGUAGE_STANDARD = "gnu++0x";
				CLANG_CXX_LIBRARY = "libc++";
				CLANG_ENABLE_MODULES = YES;
				CLANG_ENABLE_OBJC_ARC = YES;
				CLANG_WARN_BOOL_CONVERSION = YES;
				CLANG_WARN_CONSTANT_CONVERSION = YES;
				CLANG_WARN_DIRECT_OBJC_ISA_USAGE = YES_ERROR;
				CLANG_WARN_EMPTY_BODY = YES;
				CLANG_WARN_ENUM_CONVERSION = YES;
				CLANG_WARN_INT_CONVERSION = YES;
				CLANG_WARN_OBJC_ROOT_CLASS = YES_ERROR;
				CLANG_WARN_UNREACHABLE_CODE = YES;
				CLANG_WARN__DUPLICATE_METHOD_MATCH = YES;
				"CODE_SIGN_IDENTITY[sdk=iphoneos*]" = "iPhone Developer";
				COPY_PHASE_STRIP = NO;
				DEBUG_INFORMATION_FORMAT = "dwarf-with-dsym";
				ENABLE_NS_ASSERTIONS = NO;
				ENABLE_STRICT_OBJC_MSGSEND = YES;
				GCC_C_LANGUAGE_STANDARD = gnu99;
				GCC_NO_COMMON_BLOCKS = YES;
				GCC_WARN_64_TO_32_BIT_CONVERSION = YES;
				GCC_WARN_ABOUT_RETURN_TYPE = YES_ERROR;
				GCC_WARN_UNDECLARED_SELECTOR = YES;
				GCC_WARN_UNINITIALIZED_AUTOS = YES_AGGRESSIVE;
				GCC_WARN_UNUSED_FUNCTION = YES;
				GCC_WARN_UNUSED_VARIABLE = YES;
				IPHONEOS_DEPLOYMENT_TARGET = 8.3;
				MTL_ENABLE_DEBUG_INFO = NO;
				SDKROOT = iphoneos;
				VALIDATE_PRODUCT = YES;
			};
			name = Release;
		};
		9B93B0241B47BAE10043ADA4 /* Debug */ = {
			isa = XCBuildConfiguration;
			buildSettings = {
				ASSETCATALOG_COMPILER_APPICON_NAME = AppIcon;
				ASSETCATALOG_COMPILER_LAUNCHIMAGE_NAME = LaunchImage;
				CLANG_ENABLE_MODULES = YES;
				CODE_SIGN_IDENTITY = "iPhone Developer";
				"CODE_SIGN_IDENTITY[sdk=iphoneos*]" = "iPhone Developer";
				ENABLE_BITCODE = NO;
				FRAMEWORK_SEARCH_PATHS = (
					"$(inherited)",
					"$(PROJECT_DIR)/FastTwitterTestingApp",
				);
				INFOPLIST_FILE = FastTwitterTestingApp/Info.plist;
				IPHONEOS_DEPLOYMENT_TARGET = 7.1;
				LD_RUNPATH_SEARCH_PATHS = "$(inherited) @executable_path/Frameworks";
				OTHER_LDFLAGS = "-ObjC";
				PRODUCT_BUNDLE_IDENTIFIER = "com.nreality.$(PRODUCT_NAME:rfc1034identifier)";
				PRODUCT_NAME = SpeedTweetRead;
				PROVISIONING_PROFILE = "";
				SWIFT_OBJC_BRIDGING_HEADER = "FastTwitterTestingApp/SpeedTweetRead-Bridging-Header.h";
				SWIFT_OPTIMIZATION_LEVEL = "-Onone";
			};
			name = Debug;
		};
		9B93B0251B47BAE10043ADA4 /* Release */ = {
			isa = XCBuildConfiguration;
			buildSettings = {
				ASSETCATALOG_COMPILER_APPICON_NAME = AppIcon;
				ASSETCATALOG_COMPILER_LAUNCHIMAGE_NAME = LaunchImage;
				CLANG_ENABLE_MODULES = YES;
				CODE_SIGN_IDENTITY = "iPhone Developer";
				"CODE_SIGN_IDENTITY[sdk=iphoneos*]" = "iPhone Developer";
				ENABLE_BITCODE = NO;
				FRAMEWORK_SEARCH_PATHS = (
					"$(inherited)",
					"$(PROJECT_DIR)/FastTwitterTestingApp",
				);
				INFOPLIST_FILE = FastTwitterTestingApp/Info.plist;
				IPHONEOS_DEPLOYMENT_TARGET = 7.1;
				LD_RUNPATH_SEARCH_PATHS = "$(inherited) @executable_path/Frameworks";
				OTHER_LDFLAGS = "-ObjC";
				PRODUCT_BUNDLE_IDENTIFIER = "com.nreality.$(PRODUCT_NAME:rfc1034identifier)";
				PRODUCT_NAME = SpeedTweetRead;
				PROVISIONING_PROFILE = "";
				SWIFT_OBJC_BRIDGING_HEADER = "FastTwitterTestingApp/SpeedTweetRead-Bridging-Header.h";
			};
			name = Release;
		};
		9B93B0271B47BAE10043ADA4 /* Debug */ = {
			isa = XCBuildConfiguration;
			buildSettings = {
				BUNDLE_LOADER = "$(TEST_HOST)";
				CLANG_ENABLE_MODULES = YES;
				FRAMEWORK_SEARCH_PATHS = (
					"$(SDKROOT)/Developer/Library/Frameworks",
					"$(inherited)",
					"$(PROJECT_DIR)/FastTwitterTestingApp",
				);
				GCC_PREPROCESSOR_DEFINITIONS = (
					"DEBUG=1",
					"$(inherited)",
				);
				INFOPLIST_FILE = FastTwitterTestingAppTests/Info.plist;
				LD_RUNPATH_SEARCH_PATHS = "$(inherited) @executable_path/Frameworks @loader_path/Frameworks";
				PRODUCT_BUNDLE_IDENTIFIER = "com.nreality.$(PRODUCT_NAME:rfc1034identifier)";
				PRODUCT_NAME = SpeedTweetReadTests;
				SWIFT_OBJC_BRIDGING_HEADER = "FastTwitterTestingApp/SpeedTweetReadTests-Bridging-Header.h";
				SWIFT_OPTIMIZATION_LEVEL = "-Onone";
				TEST_HOST = "$(BUILT_PRODUCTS_DIR)/SpeedTweetRead.app/SpeedTweetRead";
			};
			name = Debug;
		};
		9B93B0281B47BAE10043ADA4 /* Release */ = {
			isa = XCBuildConfiguration;
			buildSettings = {
				BUNDLE_LOADER = "$(TEST_HOST)";
				CLANG_ENABLE_MODULES = YES;
				FRAMEWORK_SEARCH_PATHS = (
					"$(SDKROOT)/Developer/Library/Frameworks",
					"$(inherited)",
					"$(PROJECT_DIR)/FastTwitterTestingApp",
				);
				INFOPLIST_FILE = FastTwitterTestingAppTests/Info.plist;
				LD_RUNPATH_SEARCH_PATHS = "$(inherited) @executable_path/Frameworks @loader_path/Frameworks";
				PRODUCT_BUNDLE_IDENTIFIER = "com.nreality.$(PRODUCT_NAME:rfc1034identifier)";
				PRODUCT_NAME = SpeedTweetReadTests;
				SWIFT_OBJC_BRIDGING_HEADER = "FastTwitterTestingApp/SpeedTweetReadTests-Bridging-Header.h";
				TEST_HOST = "$(BUILT_PRODUCTS_DIR)/SpeedTweetRead.app/SpeedTweetRead";
			};
			name = Release;
		};
/* End XCBuildConfiguration section */

/* Begin XCConfigurationList section */
		9B93AFFC1B47BAE10043ADA4 /* Build configuration list for PBXProject "SpeedTweetRead" */ = {
			isa = XCConfigurationList;
			buildConfigurations = (
				9B93B0211B47BAE10043ADA4 /* Debug */,
				9B93B0221B47BAE10043ADA4 /* Release */,
			);
			defaultConfigurationIsVisible = 0;
			defaultConfigurationName = Release;
		};
		9B93B0231B47BAE10043ADA4 /* Build configuration list for PBXNativeTarget "SpeedTweetRead" */ = {
			isa = XCConfigurationList;
			buildConfigurations = (
				9B93B0241B47BAE10043ADA4 /* Debug */,
				9B93B0251B47BAE10043ADA4 /* Release */,
			);
			defaultConfigurationIsVisible = 0;
			defaultConfigurationName = Release;
		};
		9B93B0261B47BAE10043ADA4 /* Build configuration list for PBXNativeTarget "SpeedTweetReadTests" */ = {
			isa = XCConfigurationList;
			buildConfigurations = (
				9B93B0271B47BAE10043ADA4 /* Debug */,
				9B93B0281B47BAE10043ADA4 /* Release */,
			);
			defaultConfigurationIsVisible = 0;
			defaultConfigurationName = Release;
		};
/* End XCConfigurationList section */
	};
	rootObject = 9B93AFF91B47BAE10043ADA4 /* Project object */;
}
